
Microsoft Visual Studio Solution File, Format Version 12.00
# Visual Studio Version 17
VisualStudioVersion = 17.5.33627.172
MinimumVisualStudioVersion = 10.0.40219.1
Project("{FAE04EC0-301F-11D3-BF4B-00C04F79EFBC}") = "test20", "test20\test20.csproj", "{C3EE84A2-2CD5-4D4E-960E-685A6BD98A10}"
EndProject
Global
	GlobalSection(SolutionConfigurationPlatforms) = preSolution
		Debug|Any CPU = Debug|Any CPU
		Release|Any CPU = Release|Any CPU
	EndGlobalSection
	GlobalSection(ProjectConfigurationPlatforms) = postSolution
		{C3EE84A2-2CD5-4D4E-960E-685A6BD98A10}.Debug|Any CPU.ActiveCfg = Debug|Any CPU
		{C3EE84A2-2CD5-4D4E-960E-685A6BD98A10}.Debug|Any CPU.Build.0 = Debug|Any CPU
		{C3EE84A2-2CD5-4D4E-960E-685A6BD98A10}.Release|Any CPU.ActiveCfg = Release|Any CPU
		{C3EE84A2-2CD5-4D4E-960E-685A6BD98A10}.Release|Any CPU.Build.0 = Release|Any CPU
	EndGlobalSection
	GlobalSection(SolutionProperties) = preSolution
		HideSolutionNode = FALSE
	EndGlobalSection
	GlobalSection(ExtensibilityGlobals) = postSolution
		SolutionGuid = {0720FFA3-7C97-44EF-899F-1B9B609CCE7B}
	EndGlobalSection
EndGlobal
